
Microsoft Visual Studio Solution File, Format Version 10.00
# Visual Studio 2008
Project("{8BC9CEB8-8B4A-11D0-8D11-00A0C91BC942}") = "leidaceshi", "leidaceshi\leidaceshi.vcproj", "{2127305E-FF44-4736-AAC1-2F0FF6FC7CDA}"
EndProject
Global
	GlobalSection(SolutionConfigurationPlatforms) = preSolution
		Debug|Win32 = Debug|Win32
		Release|Win32 = Release|Win32
	EndGlobalSection
	GlobalSection(ProjectConfigurationPlatforms) = postSolution
		{2127305E-FF44-4736-AAC1-2F0FF6FC7CDA}.Debug|Win32.ActiveCfg = Debug|Win32
		{2127305E-FF44-4736-AAC1-2F0FF6FC7CDA}.Debug|Win32.Build.0 = Debug|Win32
		{2127305E-FF44-4736-AAC1-2F0FF6FC7CDA}.Release|Win32.ActiveCfg = Release|Win32
		{2127305E-FF44-4736-AAC1-2F0FF6FC7CDA}.Release|Win32.Build.0 = Release|Win32
	EndGlobalSection
	GlobalSection(SolutionProperties) = preSolution
		HideSolutionNode = FALSE
	EndGlobalSection
EndGlobal
